
Microsoft Visual Studio Solution File, Format Version 12.00
# Visual Studio Version 16
VisualStudioVersion = 16.0.31112.23
MinimumVisualStudioVersion = 10.0.40219.1
Project("{FAE04EC0-301F-11D3-BF4B-00C04F79EFBC}") = "Average", "Average.csproj", "{D0D20C39-19E8-4DC6-9559-45E8F9E60625}"
EndProject
Global
	GlobalSection(SolutionConfigurationPlatforms) = preSolution
		Debug|Any CPU = Debug|Any CPU
		Release|Any CPU = Release|Any CPU
	EndGlobalSection
	GlobalSection(ProjectConfigurationPlatforms) = postSolution
		{D0D20C39-19E8-4DC6-9559-45E8F9E60625}.Debug|Any CPU.ActiveCfg = Debug|Any CPU
		{D0D20C39-19E8-4DC6-9559-45E8F9E60625}.Debug|Any CPU.Build.0 = Debug|Any CPU
		{D0D20C39-19E8-4DC6-9559-45E8F9E60625}.Release|Any CPU.ActiveCfg = Release|Any CPU
		{D0D20C39-19E8-4DC6-9559-45E8F9E60625}.Release|Any CPU.Build.0 = Release|Any CPU
	EndGlobalSection
	GlobalSection(SolutionProperties) = preSolution
		HideSolutionNode = FALSE
	EndGlobalSection
	GlobalSection(ExtensibilityGlobals) = postSolution
		SolutionGuid = {EFEA515A-F368-4C80-8AEE-26B79A0EFABC}
	EndGlobalSection
EndGlobal
